
Microsoft Visual Studio Solution File, Format Version 12.00
# Visual Studio Version 16
VisualStudioVersion = 16.0.31205.134
MinimumVisualStudioVersion = 10.0.40219.1
Project("{FAE04EC0-301F-11D3-BF4B-00C04F79EFBC}") = "Warpinator", "Warpinator\Warpinator.csproj", "{1CF28B6E-5BE2-4DD0-BBA0-7804E521BB7F}"
EndProject
Project("{2150E333-8FDC-42A3-9474-1A3956D46DE8}") = "Solution Items", "Solution Items", "{80B4F7EB-50A3-4838-9833-DC0667E9FD46}"
	ProjectSection(SolutionItems) = preProject
		.editorconfig = .editorconfig
	EndProjectSection
EndProject
Global
	GlobalSection(SolutionConfigurationPlatforms) = preSolution
		Debug|Any CPU = Debug|Any CPU
		Release|Any CPU = Release|Any CPU
	EndGlobalSection
	GlobalSection(ProjectConfigurationPlatforms) = postSolution
		{1CF28B6E-5BE2-4DD0-BBA0-7804E521BB7F}.Debug|Any CPU.ActiveCfg = Debug|Any CPU
		{1CF28B6E-5BE2-4DD0-BBA0-7804E521BB7F}.Debug|Any CPU.Build.0 = Debug|Any CPU
		{1CF28B6E-5BE2-4DD0-BBA0-7804E521BB7F}.Release|Any CPU.ActiveCfg = Release|Any CPU
		{1CF28B6E-5BE2-4DD0-BBA0-7804E521BB7F}.Release|Any CPU.Build.0 = Release|Any CPU
	EndGlobalSection
	GlobalSection(SolutionProperties) = preSolution
		HideSolutionNode = FALSE
	EndGlobalSection
	GlobalSection(ExtensibilityGlobals) = postSolution
		SolutionGuid = {97ECD630-9261-49D5-96EA-8FB4416F7D6D}
	EndGlobalSection
EndGlobal
